<?xml version="1.0" encoding="utf-8"?>
<Project ToolsVersion="4.0" xmlns="http://schemas.microsoft.com/developer/msbuild/2003">
  <ItemGroup>
    <Filter Include="Resource Files">
      <UniqueIdentifier>{67DA6AB6-F800-4c08-8B7A-83BB121AAD01}</UniqueIdentifier>
      <Extensions>rc;ico;cur;bmp;dlg;rc2;rct;bin;rgs;gif;jpg;jpeg;jpe;resx;tiff;tif;png;wav;mfcribbon-ms</Extensions>
    </Filter>
    <Filter Include="Engine">
      <UniqueIdentifier>{21601c7c-dd68-4600-9a8c-d01443f57a42}</UniqueIdentifier>
    </Filter>
    <Filter Include="Actions">
      <UniqueIdentifier>{26472dfa-b702-4d2f-ace7-e0681fb4d2a1}</UniqueIdentifier>
    </Filter>
    <Filter Include="Helpers">
      <UniqueIdentifier>{9b32824b-b3b4-47a8-8725-1f589dafd594}</UniqueIdentifier>
    </Filter>
    <Filter Include="Templates">
      <UniqueIdentifier>{e2b05b9c-d4b9-4b0c-bf95-83e6fee9c021}</UniqueIdentifier>
    </Filter>
    <Filter Include="Rendering">
      <UniqueIdentifier>{47890d6f-779a-4ae2-b1e5-83726496820a}</UniqueIdentifier>
    </Filter>
    <Filter Include="Scenegraph">
      <UniqueIdentifier>{3aec16d8-3819-43f8-85b6-83c4c4785e83}</UniqueIdentifier>
    </Filter>
    <Filter Include="Components">
      <UniqueIdentifier>{8045949d-6924-4e0b-bfbe-700c4132cc74}</UniqueIdentifier>
    </Filter>
    <Filter Include="Managers">
      <UniqueIdentifier>{8a2b23a9-5c98-4f87-9475-a12410d7959b}</UniqueIdentifier>
    </Filter>
    <Filter Include="Observing">
      <UniqueIdentifier>{df438b17-6287-4f04-87e3-ae21732c1683}</UniqueIdentifier>
    </Filter>
  </ItemGroup>
  <ItemGroup>
    <ClInclude Include="WindowSettings.h">
      <Filter>Helpers</Filter>
    </ClInclude>
    <ClInclude Include="Vector2.h">
      <Filter>Helpers</Filter>
    </ClInclude>
    <ClInclude Include="targetver.h">
      <Filter>Engine</Filter>
    </ClInclude>
    <ClInclude Include="stdafx.h">
      <Filter>Engine</Filter>
    </ClInclude>
    <ClInclude Include="Engine.h">
      <Filter>Engine</Filter>
    </ClInclude>
    <ClInclude Include="Application.h">
      <Filter>Engine</Filter>
    </ClInclude>
    <ClInclude Include="SpriteCollisionComponent.h">
      <Filter>Components</Filter>
    </ClInclude>
    <ClInclude Include="ScreenRenderComponent.h">
      <Filter>Components</Filter>
    </ClInclude>
    <ClInclude Include="TextComponent.h">
      <Filter>Components</Filter>
    </ClInclude>
    <ClInclude Include="SpriteComponent.h">
      <Filter>Components</Filter>
    </ClInclude>
    <ClInclude Include="RenderComponent.h">
      <Filter>Components</Filter>
    </ClInclude>
    <ClInclude Include="MultiRenderComponent.h">
      <Filter>Components</Filter>
    </ClInclude>
    <ClInclude Include="MovementComponent.h">
      <Filter>Components</Filter>
    </ClInclude>
    <ClInclude Include="GridComponent.h">
      <Filter>Components</Filter>
    </ClInclude>
    <ClInclude Include="FPSComponent.h">
      <Filter>Components</Filter>
    </ClInclude>
    <ClInclude Include="FiniteStateMachineComponent.h">
      <Filter>Components</Filter>
    </ClInclude>
    <ClInclude Include="DataComponent.h">
      <Filter>Components</Filter>
    </ClInclude>
    <ClInclude Include="BaseComponent.h">
      <Filter>Components</Filter>
    </ClInclude>
    <ClInclude Include="AABBCollisionComponent.h">
      <Filter>Components</Filter>
    </ClInclude>
    <ClInclude Include="Transform.h">
      <Filter>Scenegraph</Filter>
    </ClInclude>
    <ClInclude Include="SceneManager.h">
      <Filter>Scenegraph</Filter>
    </ClInclude>
    <ClInclude Include="SceneData.h">
      <Filter>Scenegraph</Filter>
    </ClInclude>
    <ClInclude Include="Scene.h">
      <Filter>Scenegraph</Filter>
    </ClInclude>
    <ClInclude Include="GameObject.h">
      <Filter>Scenegraph</Filter>
    </ClInclude>
    <ClInclude Include="Components.h">
      <Filter>Components</Filter>
    </ClInclude>
    <ClInclude Include="Texture2D.h">
      <Filter>Rendering</Filter>
    </ClInclude>
    <ClInclude Include="RenderManager.h">
      <Filter>Rendering</Filter>
    </ClInclude>
    <ClInclude Include="Renderable.h">
      <Filter>Rendering</Filter>
    </ClInclude>
    <ClInclude Include="FlipMode.h">
      <Filter>Rendering</Filter>
    </ClInclude>
    <ClInclude Include="Font.h">
      <Filter>Rendering</Filter>
    </ClInclude>
    <ClInclude Include="Singleton.h">
      <Filter>Templates</Filter>
    </ClInclude>
    <ClInclude Include="Locator.h">
      <Filter>Templates</Filter>
    </ClInclude>
    <ClInclude Include="Time.h">
      <Filter>Managers</Filter>
    </ClInclude>
    <ClInclude Include="ResourceManager.h">
      <Filter>Managers</Filter>
    </ClInclude>
    <ClInclude Include="InputManager.h">
      <Filter>Managers</Filter>
    </ClInclude>
    <ClInclude Include="CollisionManager.h">
      <Filter>Managers</Filter>
    </ClInclude>
    <ClInclude Include="Subject.h">
      <Filter>Observing</Filter>
    </ClInclude>
    <ClInclude Include="Observer.h">
      <Filter>Observing</Filter>
    </ClInclude>
    <ClInclude Include="ObservedEvent.h">
      <Filter>Observing</Filter>
    </ClInclude>
    <ClInclude Include="ObservedData.h">
      <Filter>Observing</Filter>
    </ClInclude>
    <ClInclude Include="MiniginMath.h">
      <Filter>Helpers</Filter>
    </ClInclude>
    <ClInclude Include="Manager.h">
      <Filter>Managers</Filter>
    </ClInclude>
    <ClInclude Include="Rect.h">
      <Filter>Helpers</Filter>
    </ClInclude>
    <ClInclude Include="Logger.h">
      <Filter>Helpers</Filter>
    </ClInclude>
    <ClInclude Include="Grid.h">
      <Filter>Helpers</Filter>
    </ClInclude>
    <ClInclude Include="Exceptions.h">
      <Filter>Helpers</Filter>
    </ClInclude>
    <ClInclude Include="Deletor.h">
      <Filter>Helpers</Filter>
    </ClInclude>
    <ClInclude Include="Color.h">
      <Filter>Helpers</Filter>
    </ClInclude>
    <ClInclude Include="Circle.h">
      <Filter>Helpers</Filter>
    </ClInclude>
    <ClInclude Include="InputCommand.h">
      <Filter>Actions</Filter>
    </ClInclude>
    <ClInclude Include="FSMCondition.h">
      <Filter>Actions</Filter>
    </ClInclude>
    <ClInclude Include="FSMConditions.h">
      <Filter>Actions</Filter>
    </ClInclude>
    <ClInclude Include="FSMData.h">
      <Filter>Actions</Filter>
    </ClInclude>
    <ClInclude Include="FSMEvent.h">
      <Filter>Actions</Filter>
    </ClInclude>
    <ClInclude Include="FSMEvents.h">
      <Filter>Actions</Filter>
    </ClInclude>
    <ClInclude Include="FSMState.h">
      <Filter>Actions</Filter>
    </ClInclude>
  </ItemGroup>
  <ItemGroup>
    <ClCompile Include="AABBCollisionComponent.cpp">
      <Filter>Components</Filter>
    </ClCompile>
    <ClCompile Include="BaseComponent.cpp">
      <Filter>Components</Filter>
    </ClCompile>
    <ClCompile Include="FiniteStateMachineComponent.cpp">
      <Filter>Components</Filter>
    </ClCompile>
    <ClCompile Include="FPSComponent.cpp">
      <Filter>Components</Filter>
    </ClCompile>
    <ClCompile Include="MovementComponent.cpp">
      <Filter>Components</Filter>
    </ClCompile>
    <ClCompile Include="MultiRenderComponent.cpp">
      <Filter>Components</Filter>
    </ClCompile>
    <ClCompile Include="RenderComponent.cpp">
      <Filter>Components</Filter>
    </ClCompile>
    <ClCompile Include="ScreenRenderComponent.cpp">
      <Filter>Components</Filter>
    </ClCompile>
    <ClCompile Include="SpriteCollisionComponent.cpp">
      <Filter>Components</Filter>
    </ClCompile>
    <ClCompile Include="SpriteComponent.cpp">
      <Filter>Components</Filter>
    </ClCompile>
    <ClCompile Include="TextComponent.cpp">
      <Filter>Components</Filter>
    </ClCompile>
    <ClCompile Include="CollisionManager.cpp">
      <Filter>Managers</Filter>
    </ClCompile>
    <ClCompile Include="InputManager.cpp">
      <Filter>Managers</Filter>
    </ClCompile>
    <ClCompile Include="ResourceManager.cpp">
      <Filter>Managers</Filter>
    </ClCompile>
    <ClCompile Include="Color.cpp">
      <Filter>Helpers</Filter>
    </ClCompile>
    <ClCompile Include="Logger.cpp">
      <Filter>Helpers</Filter>
    </ClCompile>
    <ClCompile Include="Vector2.cpp">
      <Filter>Helpers</Filter>
    </ClCompile>
    <ClCompile Include="Font.cpp">
      <Filter>Rendering</Filter>
    </ClCompile>
    <ClCompile Include="Renderable.cpp">
      <Filter>Rendering</Filter>
    </ClCompile>
    <ClCompile Include="RenderManager.cpp">
      <Filter>Rendering</Filter>
    </ClCompile>
    <ClCompile Include="Texture2D.cpp">
      <Filter>Rendering</Filter>
    </ClCompile>
    <ClCompile Include="Time.cpp">
      <Filter>Managers</Filter>
    </ClCompile>
    <ClCompile Include="Transform.cpp">
      <Filter>Scenegraph</Filter>
    </ClCompile>
    <ClCompile Include="SceneManager.cpp">
      <Filter>Scenegraph</Filter>
    </ClCompile>
    <ClCompile Include="SceneData.cpp">
      <Filter>Scenegraph</Filter>
    </ClCompile>
    <ClCompile Include="Scene.cpp">
      <Filter>Scenegraph</Filter>
    </ClCompile>
    <ClCompile Include="GameObject.cpp">
      <Filter>Scenegraph</Filter>
    </ClCompile>
    <ClCompile Include="FSMConditions.cpp">
      <Filter>Actions</Filter>
    </ClCompile>
    <ClCompile Include="FSMState.cpp">
      <Filter>Actions</Filter>
    </ClCompile>
    <ClCompile Include="FSMEvents.cpp">
      <Filter>Actions</Filter>
    </ClCompile>
    <ClCompile Include="Subject.cpp">
      <Filter>Observing</Filter>
    </ClCompile>
    <ClCompile Include="Observer.cpp">
      <Filter>Observing</Filter>
    </ClCompile>
    <ClCompile Include="Engine.cpp">
      <Filter>Engine</Filter>
    </ClCompile>
    <ClCompile Include="stdafx.cpp">
      <Filter>Engine</Filter>
    </ClCompile>
  </ItemGroup>
</Project>