<?xml version="1.0" encoding="utf-8"?>
<Project ToolsVersion="4.0" xmlns="http://schemas.microsoft.com/developer/msbuild/2003">
  <ItemGroup>
    <Filter Include="Resource Files">
      <UniqueIdentifier>{67DA6AB6-F800-4c08-8B7A-83BB121AAD01}</UniqueIdentifier>
      <Extensions>rc;ico;cur;bmp;dlg;rc2;rct;bin;rgs;gif;jpg;jpeg;jpe;resx;tiff;tif;png;wav;mfcribbon-ms</Extensions>
    </Filter>
    <Filter Include="GameFiles">
      <UniqueIdentifier>{4a70b552-08cc-480d-b2d8-c5c60b41a969}</UniqueIdentifier>
    </Filter>
    <Filter Include="FrameworkFiles">
      <UniqueIdentifier>{4eb263da-a340-4c9e-860a-5c05e3a6dd2b}</UniqueIdentifier>
    </Filter>
    <Filter Include="FrameworkFiles\Components">
      <UniqueIdentifier>{2da6a125-4f2b-40eb-8e37-2c8958accef5}</UniqueIdentifier>
    </Filter>
    <Filter Include="FrameworkFiles\Scenegraph">
      <UniqueIdentifier>{d64ab1ee-f20d-4d7e-822f-a0c76cf4f982}</UniqueIdentifier>
    </Filter>
    <Filter Include="FrameworkFiles\Managers">
      <UniqueIdentifier>{e2c91fb6-d6d7-4cbc-9813-528b6ebf531b}</UniqueIdentifier>
    </Filter>
    <Filter Include="FrameworkFiles\Observing">
      <UniqueIdentifier>{6619bd4d-eda4-494c-9bc3-089cb87b4182}</UniqueIdentifier>
    </Filter>
    <Filter Include="FrameworkFiles\Templates">
      <UniqueIdentifier>{2fe04248-3efc-4e19-8189-8c4796c808d3}</UniqueIdentifier>
    </Filter>
    <Filter Include="FrameworkFiles\Input">
      <UniqueIdentifier>{986e81f9-334c-4118-95ef-134261978fa5}</UniqueIdentifier>
    </Filter>
    <Filter Include="FrameworkFiles\Rendering">
      <UniqueIdentifier>{5b739326-d9c8-4668-a140-18bb92013327}</UniqueIdentifier>
    </Filter>
    <Filter Include="FrameworkFiles\Variables">
      <UniqueIdentifier>{6e0fc53a-a371-4230-ace4-213869bf0ad3}</UniqueIdentifier>
    </Filter>
    <Filter Include="FrameworkFiles\Application">
      <UniqueIdentifier>{9e3dec85-27e5-43bc-b97e-e294dd309603}</UniqueIdentifier>
    </Filter>
    <Filter Include="GameFiles\Application">
      <UniqueIdentifier>{5c4917cf-8a9c-4299-9430-741af364519b}</UniqueIdentifier>
    </Filter>
    <Filter Include="GameFiles\Functions">
      <UniqueIdentifier>{93a36bd2-30d4-445b-882d-b5f966d52af4}</UniqueIdentifier>
    </Filter>
    <Filter Include="GameFiles\Components">
      <UniqueIdentifier>{0d5dc8d3-791f-489c-accb-6921f79de12a}</UniqueIdentifier>
    </Filter>
    <Filter Include="GameFiles\Parts">
      <UniqueIdentifier>{e7c83a0c-a648-44c0-881e-56fc388b7537}</UniqueIdentifier>
    </Filter>
    <Filter Include="FrameworkFiles\Operations">
      <UniqueIdentifier>{627f7740-1a5f-409f-b689-9538e5b09ebf}</UniqueIdentifier>
    </Filter>
    <Filter Include="GameFiles\DigDugFSMStates">
      <UniqueIdentifier>{dc1acba9-0470-4c3f-82a6-07d75269b08b}</UniqueIdentifier>
    </Filter>
  </ItemGroup>
  <ItemGroup>
    <ClInclude Include="BaseComponent.h">
      <Filter>FrameworkFiles\Components</Filter>
    </ClInclude>
    <ClInclude Include="TextComponent.h">
      <Filter>FrameworkFiles\Components</Filter>
    </ClInclude>
    <ClInclude Include="Scene.h">
      <Filter>FrameworkFiles\Scenegraph</Filter>
    </ClInclude>
    <ClInclude Include="SceneManager.h">
      <Filter>FrameworkFiles\Scenegraph</Filter>
    </ClInclude>
    <ClInclude Include="RenderComponent.h">
      <Filter>FrameworkFiles\Components</Filter>
    </ClInclude>
    <ClInclude Include="Time.h">
      <Filter>FrameworkFiles\Managers</Filter>
    </ClInclude>
    <ClInclude Include="ResourceManager.h">
      <Filter>FrameworkFiles\Managers</Filter>
    </ClInclude>
    <ClInclude Include="Logger.h">
      <Filter>FrameworkFiles\Managers</Filter>
    </ClInclude>
    <ClInclude Include="FPSComponent.h">
      <Filter>FrameworkFiles\Components</Filter>
    </ClInclude>
    <ClInclude Include="Observer.h">
      <Filter>FrameworkFiles\Observing</Filter>
    </ClInclude>
    <ClInclude Include="Singleton.h">
      <Filter>FrameworkFiles\Templates</Filter>
    </ClInclude>
    <ClInclude Include="Locator.h">
      <Filter>FrameworkFiles\Templates</Filter>
    </ClInclude>
    <ClInclude Include="GameObject.h">
      <Filter>FrameworkFiles\Scenegraph</Filter>
    </ClInclude>
    <ClInclude Include="InputManager.h">
      <Filter>FrameworkFiles\Input</Filter>
    </ClInclude>
    <ClInclude Include="InputCommand.h">
      <Filter>FrameworkFiles\Input</Filter>
    </ClInclude>
    <ClInclude Include="Texture2D.h">
      <Filter>FrameworkFiles\Rendering</Filter>
    </ClInclude>
    <ClInclude Include="Font.h">
      <Filter>FrameworkFiles\Rendering</Filter>
    </ClInclude>
    <ClInclude Include="Rect.h">
      <Filter>FrameworkFiles\Variables</Filter>
    </ClInclude>
    <ClInclude Include="SceneData.h">
      <Filter>FrameworkFiles\Variables</Filter>
    </ClInclude>
    <ClInclude Include="Vector2.h">
      <Filter>FrameworkFiles\Variables</Filter>
    </ClInclude>
    <ClInclude Include="SpriteComponent.h">
      <Filter>FrameworkFiles\Components</Filter>
    </ClInclude>
    <ClInclude Include="Circle.h">
      <Filter>FrameworkFiles\Variables</Filter>
    </ClInclude>
    <ClInclude Include="CollisionManager.h">
      <Filter>FrameworkFiles\Managers</Filter>
    </ClInclude>
    <ClInclude Include="MovementComponent.h">
      <Filter>FrameworkFiles\Components</Filter>
    </ClInclude>
    <ClInclude Include="AABBCollisionComponent.h">
      <Filter>FrameworkFiles\Components</Filter>
    </ClInclude>
    <ClInclude Include="FiniteStateMachineComponent.h">
      <Filter>FrameworkFiles\Components</Filter>
    </ClInclude>
    <ClInclude Include="Renderable.h">
      <Filter>FrameworkFiles\Rendering</Filter>
    </ClInclude>
    <ClInclude Include="RenderManager.h">
      <Filter>FrameworkFiles\Managers</Filter>
    </ClInclude>
    <ClInclude Include="Subject.h">
      <Filter>FrameworkFiles\Observing</Filter>
    </ClInclude>
    <ClInclude Include="GridComponent.h">
      <Filter>FrameworkFiles\Components</Filter>
    </ClInclude>
    <ClInclude Include="Grid.h">
      <Filter>FrameworkFiles\Variables</Filter>
    </ClInclude>
    <ClInclude Include="DataComponent.h">
      <Filter>FrameworkFiles\Components</Filter>
    </ClInclude>
    <ClInclude Include="Components.h">
      <Filter>FrameworkFiles\Components</Filter>
    </ClInclude>
    <ClInclude Include="MultiRenderComponent.h">
      <Filter>FrameworkFiles\Components</Filter>
    </ClInclude>
    <ClInclude Include="GameFSMClasses.h">
      <Filter>GameFiles\Parts</Filter>
    </ClInclude>
    <ClInclude Include="GameInputCommands.h">
      <Filter>GameFiles\Parts</Filter>
    </ClInclude>
    <ClInclude Include="Application.h">
      <Filter>FrameworkFiles\Application</Filter>
    </ClInclude>
    <ClInclude Include="Minigin.h">
      <Filter>FrameworkFiles\Application</Filter>
    </ClInclude>
    <ClInclude Include="MiniginPCH.h">
      <Filter>FrameworkFiles\Application</Filter>
    </ClInclude>
    <ClInclude Include="targetver.h">
      <Filter>FrameworkFiles\Application</Filter>
    </ClInclude>
    <ClInclude Include="DigDugApplication.h">
      <Filter>GameFiles\Application</Filter>
    </ClInclude>
    <ClInclude Include="DigDugGridComponent.h">
      <Filter>GameFiles\Components</Filter>
    </ClInclude>
    <ClInclude Include="GameFiles.h">
      <Filter>GameFiles\Functions</Filter>
    </ClInclude>
    <ClInclude Include="SpriteCollisionComponent.h">
      <Filter>FrameworkFiles\Components</Filter>
    </ClInclude>
    <ClInclude Include="WindowSettings.h">
      <Filter>FrameworkFiles\Variables</Filter>
    </ClInclude>
    <ClInclude Include="MiniginMath.h">
      <Filter>FrameworkFiles</Filter>
    </ClInclude>
    <ClInclude Include="Transform.h">
      <Filter>FrameworkFiles\Scenegraph</Filter>
    </ClInclude>
    <ClInclude Include="Enumerations.h">
      <Filter>GameFiles\Parts</Filter>
    </ClInclude>
    <ClInclude Include="DigDugMovementComponent.h">
      <Filter>GameFiles\Components</Filter>
    </ClInclude>
    <ClInclude Include="FSMConditions.h">
      <Filter>FrameworkFiles\Operations</Filter>
    </ClInclude>
    <ClInclude Include="FSMCondition.h">
      <Filter>FrameworkFiles\Operations</Filter>
    </ClInclude>
    <ClInclude Include="FSMEvent.h">
      <Filter>FrameworkFiles\Operations</Filter>
    </ClInclude>
    <ClInclude Include="FSMEvents.h">
      <Filter>FrameworkFiles\Operations</Filter>
    </ClInclude>
    <ClInclude Include="FlipMode.h">
      <Filter>FrameworkFiles\Rendering</Filter>
    </ClInclude>
    <ClInclude Include="DigDugPlayerHealth.h">
      <Filter>GameFiles\Components</Filter>
    </ClInclude>
    <ClInclude Include="Manager.h">
      <Filter>FrameworkFiles\Variables</Filter>
    </ClInclude>
    <ClInclude Include="FSMState.h">
      <Filter>FrameworkFiles\Operations</Filter>
    </ClInclude>
    <ClInclude Include="DigDugEnemyHealth.h">
      <Filter>GameFiles\Components</Filter>
    </ClInclude>
    <ClInclude Include="PlayerManager.h">
      <Filter>GameFiles\Application</Filter>
    </ClInclude>
    <ClInclude Include="DigDugEnemy.h">
      <Filter>GameFiles\Components</Filter>
    </ClInclude>
    <ClInclude Include="DigDugPlayer.h">
      <Filter>GameFiles\Components</Filter>
    </ClInclude>
    <ClInclude Include="EnemyManager.h">
      <Filter>GameFiles\Application</Filter>
    </ClInclude>
    <ClInclude Include="ObservedData.h">
      <Filter>FrameworkFiles\Observing</Filter>
    </ClInclude>
    <ClInclude Include="Deletor.h">
      <Filter>FrameworkFiles\Scenegraph</Filter>
    </ClInclude>
    <ClInclude Include="ObserverEvents.h">
      <Filter>GameFiles</Filter>
    </ClInclude>
    <ClInclude Include="FSMData.h">
      <Filter>FrameworkFiles\Operations</Filter>
    </ClInclude>
    <ClInclude Include="GameFSMStates.h" />
    <ClInclude Include="Button.h" />
    <ClInclude Include="GameButtons.h" />
    <ClInclude Include="ScreenRenderComponent.h">
      <Filter>FrameworkFiles\Components</Filter>
    </ClInclude>
    <ClInclude Include="ObstacleParts.h">
      <Filter>GameFiles\DigDugFSMStates</Filter>
    </ClInclude>
    <ClInclude Include="EnemyParts.h">
      <Filter>GameFiles\DigDugFSMStates</Filter>
    </ClInclude>
    <ClInclude Include="PumpParts.h">
      <Filter>GameFiles\DigDugFSMStates</Filter>
    </ClInclude>
  </ItemGroup>
  <ItemGroup>
    <ClCompile Include="BaseComponent.cpp">
      <Filter>FrameworkFiles\Components</Filter>
    </ClCompile>
    <ClCompile Include="TextComponent.cpp">
      <Filter>FrameworkFiles\Components</Filter>
    </ClCompile>
    <ClCompile Include="SceneManager.cpp">
      <Filter>FrameworkFiles\Scenegraph</Filter>
    </ClCompile>
    <ClCompile Include="Scene.cpp">
      <Filter>FrameworkFiles\Scenegraph</Filter>
    </ClCompile>
    <ClCompile Include="RenderComponent.cpp">
      <Filter>FrameworkFiles\Components</Filter>
    </ClCompile>
    <ClCompile Include="ResourceManager.cpp">
      <Filter>FrameworkFiles\Managers</Filter>
    </ClCompile>
    <ClCompile Include="Logger.cpp">
      <Filter>FrameworkFiles\Managers</Filter>
    </ClCompile>
    <ClCompile Include="Time.cpp">
      <Filter>FrameworkFiles\Managers</Filter>
    </ClCompile>
    <ClCompile Include="FPSComponent.cpp">
      <Filter>FrameworkFiles\Components</Filter>
    </ClCompile>
    <ClCompile Include="GameObject.cpp">
      <Filter>FrameworkFiles\Scenegraph</Filter>
    </ClCompile>
    <ClCompile Include="InputManager.cpp">
      <Filter>FrameworkFiles\Input</Filter>
    </ClCompile>
    <ClCompile Include="Texture2D.cpp">
      <Filter>FrameworkFiles\Rendering</Filter>
    </ClCompile>
    <ClCompile Include="Font.cpp">
      <Filter>FrameworkFiles\Rendering</Filter>
    </ClCompile>
    <ClCompile Include="Vector2.cpp">
      <Filter>FrameworkFiles\Variables</Filter>
    </ClCompile>
    <ClCompile Include="SpriteComponent.cpp">
      <Filter>FrameworkFiles\Components</Filter>
    </ClCompile>
    <ClCompile Include="CollisionManager.cpp">
      <Filter>FrameworkFiles\Managers</Filter>
    </ClCompile>
    <ClCompile Include="MovementComponent.cpp">
      <Filter>FrameworkFiles\Components</Filter>
    </ClCompile>
    <ClCompile Include="AABBCollisionComponent.cpp">
      <Filter>FrameworkFiles\Components</Filter>
    </ClCompile>
    <ClCompile Include="FiniteStateMachineComponent.cpp">
      <Filter>FrameworkFiles\Components</Filter>
    </ClCompile>
    <ClCompile Include="Renderable.cpp">
      <Filter>FrameworkFiles\Rendering</Filter>
    </ClCompile>
    <ClCompile Include="RenderManager.cpp">
      <Filter>FrameworkFiles\Managers</Filter>
    </ClCompile>
    <ClCompile Include="Subject.cpp">
      <Filter>FrameworkFiles\Observing</Filter>
    </ClCompile>
    <ClCompile Include="SceneData.cpp">
      <Filter>FrameworkFiles\Variables</Filter>
    </ClCompile>
    <ClCompile Include="MultiRenderComponent.cpp">
      <Filter>FrameworkFiles\Components</Filter>
    </ClCompile>
    <ClCompile Include="GameFSMClasses.cpp">
      <Filter>GameFiles\Parts</Filter>
    </ClCompile>
    <ClCompile Include="GameInputCommands.cpp">
      <Filter>GameFiles\Parts</Filter>
    </ClCompile>
    <ClCompile Include="Minigin.cpp">
      <Filter>FrameworkFiles\Application</Filter>
    </ClCompile>
    <ClCompile Include="MiniginPCH.cpp">
      <Filter>FrameworkFiles\Application</Filter>
    </ClCompile>
    <ClCompile Include="Main.cpp">
      <Filter>GameFiles</Filter>
    </ClCompile>
    <ClCompile Include="DigDugApplication.cpp">
      <Filter>GameFiles\Application</Filter>
    </ClCompile>
    <ClCompile Include="DigDugGridComponent.cpp">
      <Filter>GameFiles\Components</Filter>
    </ClCompile>
    <ClCompile Include="GameFiles.cpp">
      <Filter>GameFiles\Functions</Filter>
    </ClCompile>
    <ClCompile Include="SpriteCollisionComponent.cpp">
      <Filter>FrameworkFiles\Components</Filter>
    </ClCompile>
    <ClCompile Include="Transform.cpp">
      <Filter>FrameworkFiles\Scenegraph</Filter>
    </ClCompile>
    <ClCompile Include="DigDugMovementComponent.cpp">
      <Filter>GameFiles\Components</Filter>
    </ClCompile>
    <ClCompile Include="FSMEvents.cpp">
      <Filter>FrameworkFiles\Operations</Filter>
    </ClCompile>
    <ClCompile Include="FSMConditions.cpp">
      <Filter>FrameworkFiles\Operations</Filter>
    </ClCompile>
    <ClCompile Include="FSMState.cpp">
      <Filter>FrameworkFiles\Operations</Filter>
    </ClCompile>
    <ClCompile Include="PlayerManager.cpp">
      <Filter>GameFiles\Application</Filter>
    </ClCompile>
    <ClCompile Include="DigDugEnemy.cpp">
      <Filter>GameFiles\Components</Filter>
    </ClCompile>
    <ClCompile Include="DigDugPlayer.cpp">
      <Filter>GameFiles\Components</Filter>
    </ClCompile>
    <ClCompile Include="EnemyManager.cpp">
      <Filter>GameFiles\Application</Filter>
    </ClCompile>
    <ClCompile Include="GameFSMStates.cpp" />
    <ClCompile Include="Button.cpp" />
    <ClCompile Include="GameButtons.cpp" />
    <ClCompile Include="ScreenRenderComponent.cpp">
      <Filter>FrameworkFiles\Components</Filter>
    </ClCompile>
    <ClCompile Include="ObstacleParts.cpp">
      <Filter>GameFiles\DigDugFSMStates</Filter>
    </ClCompile>
    <ClCompile Include="EnemyParts.cpp">
      <Filter>GameFiles\DigDugFSMStates</Filter>
    </ClCompile>
    <ClCompile Include="PumpParts.cpp">
      <Filter>GameFiles\DigDugFSMStates</Filter>
    </ClCompile>
  </ItemGroup>
</Project>