<?xml version="1.0" encoding="utf-8"?>
<Project ToolsVersion="4.0" xmlns="http://schemas.microsoft.com/developer/msbuild/2003">
  <ItemGroup>
    <Filter Include="Source Files">
      <UniqueIdentifier>{4FC737F1-C7A5-4376-A066-2A32D752A2FF}</UniqueIdentifier>
      <Extensions>cpp;c;cc;cxx;def;odl;idl;hpj;bat;asm;asmx</Extensions>
    </Filter>
    <Filter Include="Header Files">
      <UniqueIdentifier>{93995380-89BD-4b04-88EB-625FBE52EBFB}</UniqueIdentifier>
      <Extensions>h;hh;hpp;hxx;hm;inl;inc;xsd</Extensions>
    </Filter>
    <Filter Include="Resource Files">
      <UniqueIdentifier>{67DA6AB6-F800-4c08-8B7A-83BB121AAD01}</UniqueIdentifier>
      <Extensions>rc;ico;cur;bmp;dlg;rc2;rct;bin;rgs;gif;jpg;jpeg;jpe;resx;tiff;tif;png;wav;mfcribbon-ms</Extensions>
    </Filter>
    <Filter Include="GameFiles">
      <UniqueIdentifier>{4a70b552-08cc-480d-b2d8-c5c60b41a969}</UniqueIdentifier>
    </Filter>
    <Filter Include="FrameworkFiles">
      <UniqueIdentifier>{4eb263da-a340-4c9e-860a-5c05e3a6dd2b}</UniqueIdentifier>
    </Filter>
    <Filter Include="FrameworkFiles\Components">
      <UniqueIdentifier>{2da6a125-4f2b-40eb-8e37-2c8958accef5}</UniqueIdentifier>
    </Filter>
    <Filter Include="FrameworkFiles\Objects">
      <UniqueIdentifier>{d5f69353-2627-453a-9ee3-0cccb1fc8530}</UniqueIdentifier>
    </Filter>
    <Filter Include="FrameworkFiles\Scenegraph">
      <UniqueIdentifier>{d64ab1ee-f20d-4d7e-822f-a0c76cf4f982}</UniqueIdentifier>
    </Filter>
    <Filter Include="FrameworkFiles\Managers">
      <UniqueIdentifier>{e2c91fb6-d6d7-4cbc-9813-528b6ebf531b}</UniqueIdentifier>
    </Filter>
  </ItemGroup>
  <ItemGroup>
    <ClInclude Include="targetver.h">
      <Filter>Header Files</Filter>
    </ClInclude>
    <ClInclude Include="MiniginPCH.h">
      <Filter>Header Files</Filter>
    </ClInclude>
    <ClInclude Include="Log.h">
      <Filter>Header Files</Filter>
    </ClInclude>
    <ClInclude Include="Texture2D.h">
      <Filter>Header Files</Filter>
    </ClInclude>
    <ClInclude Include="Transform.h">
      <Filter>Header Files</Filter>
    </ClInclude>
    <ClInclude Include="Font.h">
      <Filter>Header Files</Filter>
    </ClInclude>
    <ClInclude Include="Minigin.h">
      <Filter>Header Files</Filter>
    </ClInclude>
    <ClInclude Include="BaseComponent.h">
      <Filter>FrameworkFiles\Components</Filter>
    </ClInclude>
    <ClInclude Include="TransformComponent.h">
      <Filter>FrameworkFiles\Components</Filter>
    </ClInclude>
    <ClInclude Include="TextComponent.h">
      <Filter>FrameworkFiles\Components</Filter>
    </ClInclude>
    <ClInclude Include="GameObject.h">
      <Filter>FrameworkFiles\Objects</Filter>
    </ClInclude>
    <ClInclude Include="Scene.h">
      <Filter>FrameworkFiles\Scenegraph</Filter>
    </ClInclude>
    <ClInclude Include="SceneManager.h">
      <Filter>FrameworkFiles\Scenegraph</Filter>
    </ClInclude>
    <ClInclude Include="RenderComponent.h">
      <Filter>FrameworkFiles\Components</Filter>
    </ClInclude>
    <ClInclude Include="Time.h">
      <Filter>FrameworkFiles\Managers</Filter>
    </ClInclude>
    <ClInclude Include="Singleton.h">
      <Filter>FrameworkFiles\Managers</Filter>
    </ClInclude>
    <ClInclude Include="ResourceManager.h">
      <Filter>FrameworkFiles\Managers</Filter>
    </ClInclude>
    <ClInclude Include="Renderer.h">
      <Filter>FrameworkFiles\Managers</Filter>
    </ClInclude>
    <ClInclude Include="InputManager.h">
      <Filter>FrameworkFiles\Managers</Filter>
    </ClInclude>
    <ClInclude Include="Logger.h">
      <Filter>FrameworkFiles\Managers</Filter>
    </ClInclude>
    <ClInclude Include="FPSComponent.h">
      <Filter>FrameworkFiles\Components</Filter>
    </ClInclude>
  </ItemGroup>
  <ItemGroup>
    <ClCompile Include="MiniginPCH.cpp">
      <Filter>Source Files</Filter>
    </ClCompile>
    <ClCompile Include="Log.cpp">
      <Filter>Source Files</Filter>
    </ClCompile>
    <ClCompile Include="Texture2D.cpp">
      <Filter>Source Files</Filter>
    </ClCompile>
    <ClCompile Include="Transform.cpp">
      <Filter>Source Files</Filter>
    </ClCompile>
    <ClCompile Include="Font.cpp">
      <Filter>Source Files</Filter>
    </ClCompile>
    <ClCompile Include="Main.cpp">
      <Filter>Source Files</Filter>
    </ClCompile>
    <ClCompile Include="Minigin.cpp">
      <Filter>Source Files</Filter>
    </ClCompile>
    <ClCompile Include="BaseComponent.cpp">
      <Filter>FrameworkFiles\Components</Filter>
    </ClCompile>
    <ClCompile Include="TransformComponent.cpp">
      <Filter>FrameworkFiles\Components</Filter>
    </ClCompile>
    <ClCompile Include="TextComponent.cpp">
      <Filter>FrameworkFiles\Components</Filter>
    </ClCompile>
    <ClCompile Include="GameObject.cpp">
      <Filter>FrameworkFiles\Objects</Filter>
    </ClCompile>
    <ClCompile Include="SceneManager.cpp">
      <Filter>FrameworkFiles\Scenegraph</Filter>
    </ClCompile>
    <ClCompile Include="Scene.cpp">
      <Filter>FrameworkFiles\Scenegraph</Filter>
    </ClCompile>
    <ClCompile Include="RenderComponent.cpp">
      <Filter>FrameworkFiles\Components</Filter>
    </ClCompile>
    <ClCompile Include="ResourceManager.cpp">
      <Filter>FrameworkFiles\Managers</Filter>
    </ClCompile>
    <ClCompile Include="Renderer.cpp">
      <Filter>FrameworkFiles\Managers</Filter>
    </ClCompile>
    <ClCompile Include="InputManager.cpp">
      <Filter>FrameworkFiles\Managers</Filter>
    </ClCompile>
    <ClCompile Include="Logger.cpp">
      <Filter>FrameworkFiles\Managers</Filter>
    </ClCompile>
    <ClCompile Include="Time.cpp">
      <Filter>FrameworkFiles\Managers</Filter>
    </ClCompile>
    <ClCompile Include="FPSComponent.cpp">
      <Filter>FrameworkFiles\Components</Filter>
    </ClCompile>
  </ItemGroup>
</Project>